<?xml version="1.0" encoding="UTF-8"?>
<Scheme
   LastUpgradeVersion = "1610"
   version = "1.7">
   <BuildAction
      parallelizeBuildables = "YES"
      buildImplicitDependencies = "YES"
      buildArchitectures = "Automatic">
      <BuildActionEntries>
         <BuildActionEntry
            buildForTesting = "YES"
            buildForRunning = "YES"
            buildForProfiling = "YES"
            buildForArchiving = "YES"
            buildForAnalyzing = "YES">
            <BuildableReference
               BuildableIdentifier = "primary"
               BlueprintIdentifier = "D16478932E611F7700FC9914"
               BuildableName = "ct2-server"
               BlueprintName = "ct2-server"
               ReferencedContainer = "container:ct2-server.xcodeproj">
            </BuildableReference>
         </BuildActionEntry>
      </BuildActionEntries>
   </BuildAction>
   <TestAction
      buildConfiguration = "Debug"
      selectedDebuggerIdentifier = "Xcode.DebuggerFoundation.Debugger.LLDB"
      selectedLauncherIdentifier = "Xcode.DebuggerFoundation.Launcher.LLDB"
      shouldUseLaunchSchemeArgsEnv = "YES"
      shouldAutocreateTestPlan = "YES">
   </TestAction>
   <LaunchAction
      buildConfiguration = "Release"
      selectedDebuggerIdentifier = "Xcode.DebuggerFoundation.Debugger.LLDB"
      selectedLauncherIdentifier = "Xcode.DebuggerFoundation.Launcher.LLDB"
      launchStyle = "0"
      useCustomWorkingDirectory = "NO"
      ignoresPersistentStateOnLaunch = "NO"
      debugDocumentVersioning = "YES"
      debugServiceExtension = "internal"
      allowLocationSimulation = "YES"
      viewDebuggingEnabled = "No">
      <BuildableProductRunnable
         runnableDebuggingMode = "0">
         <BuildableReference
            BuildableIdentifier = "primary"
            BlueprintIdentifier = "D16478932E611F7700FC9914"
            BuildableName = "ct2-server"
            BlueprintName = "ct2-server"
            ReferencedContainer = "container:ct2-server.xcodeproj">
         </BuildableReference>
      </BuildableProductRunnable>
      <CommandLineArguments>
         <CommandLineArgument
            argument = "-c"
            isEnabled = "NO">
         </CommandLineArgument>
         <CommandLineArgument
            argument = "-m"
            isEnabled = "NO">
         </CommandLineArgument>
         <CommandLineArgument
            argument = "/Users/miyako/Desktop/ct2"
            isEnabled = "NO">
         </CommandLineArgument>
         <CommandLineArgument
            argument = "-r"
            isEnabled = "NO">
         </CommandLineArgument>
         <CommandLineArgument
            argument = "/Users/miyako/.CTranslate2/bert-multilingual-passage-reranking-msmarco"
            isEnabled = "NO">
         </CommandLineArgument>
         <CommandLineArgument
            argument = "-f"
            isEnabled = "NO">
         </CommandLineArgument>
         <CommandLineArgument
            argument = "/Users/miyako/Desktop/ct2/source.spm.model"
            isEnabled = "NO">
         </CommandLineArgument>
         <CommandLineArgument
            argument = "-p"
            isEnabled = "YES">
         </CommandLineArgument>
         <CommandLineArgument
            argument = "8080"
            isEnabled = "YES">
         </CommandLineArgument>
         <CommandLineArgument
            argument = "-e"
            isEnabled = "NO">
         </CommandLineArgument>
         <CommandLineArgument
            argument = "/Users/miyako/.CTranslate2/granite-embedding-278m-multilingual"
            isEnabled = "NO">
         </CommandLineArgument>
         <CommandLineArgument
            argument = "-g"
            isEnabled = "YES">
         </CommandLineArgument>
         <CommandLineArgument
            argument = "/Users/miyako/.CTranslate2/Arch-Agent-1.5B"
            isEnabled = "NO">
         </CommandLineArgument>
         <CommandLineArgument
            argument = "/Users/miyako/.CTranslate2/Llama-3.2-1B-Instruct"
            isEnabled = "YES">
         </CommandLineArgument>
         <CommandLineArgument
            argument = "-s"
            isEnabled = "YES">
         </CommandLineArgument>
      </CommandLineArguments>
   </LaunchAction>
   <ProfileAction
      buildConfiguration = "Release"
      shouldUseLaunchSchemeArgsEnv = "YES"
      savedToolIdentifier = ""
      useCustomWorkingDirectory = "NO"
      debugDocumentVersioning = "YES">
      <BuildableProductRunnable
         runnableDebuggingMode = "0">
         <BuildableReference
            BuildableIdentifier = "primary"
            BlueprintIdentifier = "D16478932E611F7700FC9914"
            BuildableName = "ct2-server"
            BlueprintName = "ct2-server"
            ReferencedContainer = "container:ct2-server.xcodeproj">
         </BuildableReference>
      </BuildableProductRunnable>
   </ProfileAction>
   <AnalyzeAction
      buildConfiguration = "Debug">
   </AnalyzeAction>
   <ArchiveAction
      buildConfiguration = "Release"
      revealArchiveInOrganizer = "YES">
   </ArchiveAction>
</Scheme>
